
Microsoft Visual Studio Solution File, Format Version 12.00
# Visual Studio Version 17
VisualStudioVersion = 17.7.34031.279
MinimumVisualStudioVersion = 10.0.40219.1
Project("{FAE04EC0-301F-11D3-BF4B-00C04F79EFBC}") = "DiagnosticoAI", "DiagnosticoAI.csproj", "{D5BA04D5-61E3-4B80-85F1-9825EB94AA5B}"
EndProject
Global
	GlobalSection(SolutionConfigurationPlatforms) = preSolution
		Debug|Any CPU = Debug|Any CPU
		Release|Any CPU = Release|Any CPU
	EndGlobalSection
	GlobalSection(ProjectConfigurationPlatforms) = postSolution
		{D5BA04D5-61E3-4B80-85F1-9825EB94AA5B}.Debug|Any CPU.ActiveCfg = Debug|Any CPU
		{D5BA04D5-61E3-4B80-85F1-9825EB94AA5B}.Debug|Any CPU.Build.0 = Debug|Any CPU
		{D5BA04D5-61E3-4B80-85F1-9825EB94AA5B}.Release|Any CPU.ActiveCfg = Release|Any CPU
		{D5BA04D5-61E3-4B80-85F1-9825EB94AA5B}.Release|Any CPU.Build.0 = Release|Any CPU
	EndGlobalSection
	GlobalSection(SolutionProperties) = preSolution
		HideSolutionNode = FALSE
	EndGlobalSection
	GlobalSection(ExtensibilityGlobals) = postSolution
		SolutionGuid = {3D7E73ED-92E1-47AE-97A1-DBC9C81C8AD0}
	EndGlobalSection
EndGlobal
